
Microsoft Visual Studio Solution File, Format Version 12.00
# Visual Studio Version 17
VisualStudioVersion = 17.14.36401.2 d17.14
MinimumVisualStudioVersion = 10.0.40219.1
Project("{FAE04EC0-301F-11D3-BF4B-00C04F79EFBC}") = "FeatureFlagAPI", "FeatureFlagAPI\FeatureFlagAPI.csproj", "{E6655D8A-2790-4993-BCC2-DD2586A7200C}"
EndProject
Global
	GlobalSection(SolutionConfigurationPlatforms) = preSolution
		Debug|Any CPU = Debug|Any CPU
		Release|Any CPU = Release|Any CPU
	EndGlobalSection
	GlobalSection(ProjectConfigurationPlatforms) = postSolution
		{E6655D8A-2790-4993-BCC2-DD2586A7200C}.Debug|Any CPU.ActiveCfg = Debug|Any CPU
		{E6655D8A-2790-4993-BCC2-DD2586A7200C}.Debug|Any CPU.Build.0 = Debug|Any CPU
		{E6655D8A-2790-4993-BCC2-DD2586A7200C}.Release|Any CPU.ActiveCfg = Release|Any CPU
		{E6655D8A-2790-4993-BCC2-DD2586A7200C}.Release|Any CPU.Build.0 = Release|Any CPU
	EndGlobalSection
	GlobalSection(SolutionProperties) = preSolution
		HideSolutionNode = FALSE
	EndGlobalSection
	GlobalSection(ExtensibilityGlobals) = postSolution
		SolutionGuid = {E05993FC-4B4C-486A-8E7E-80CE7FBF71A4}
	EndGlobalSection
EndGlobal
